
Microsoft Visual Studio Solution File, Format Version 12.00
# Visual Studio Version 17
VisualStudioVersion = 17.9.34723.18
MinimumVisualStudioVersion = 10.0.40219.1
Project("{FAE04EC0-301F-11D3-BF4B-00C04F79EFBC}") = "RTS.Accounting.Domain", "RTS.Accounting.Domain\RTS.Accounting.Domain.csproj", "{4826B179-1943-4FEB-BF53-0C6F70E4F977}"
EndProject
Project("{FAE04EC0-301F-11D3-BF4B-00C04F79EFBC}") = "RTS.Accounting.Infrastructure", "RTS.Accounting.Infrastructure\RTS.Accounting.Infrastructure.csproj", "{E5FE480E-A36C-4A4B-9F11-AD0BC2E9366F}"
EndProject
Project("{FAE04EC0-301F-11D3-BF4B-00C04F79EFBC}") = "RTS.Accounting.Application", "RTS.Accounting.Application\RTS.Accounting.Application.csproj", "{E5BABE2B-6A5B-4D1F-9FDC-94BA7ED54EBE}"
EndProject
Project("{FAE04EC0-301F-11D3-BF4B-00C04F79EFBC}") = "RTS.Accounting.WebApi", "RTS.Accounting.WebApi\RTS.Accounting.WebApi.csproj", "{DEE46EE4-BA5A-416F-B4DF-BEFFEE458289}"
EndProject
Global
	GlobalSection(SolutionConfigurationPlatforms) = preSolution
		Debug|Any CPU = Debug|Any CPU
		Release|Any CPU = Release|Any CPU
	EndGlobalSection
	GlobalSection(ProjectConfigurationPlatforms) = postSolution
		{4826B179-1943-4FEB-BF53-0C6F70E4F977}.Debug|Any CPU.ActiveCfg = Debug|Any CPU
		{4826B179-1943-4FEB-BF53-0C6F70E4F977}.Debug|Any CPU.Build.0 = Debug|Any CPU
		{4826B179-1943-4FEB-BF53-0C6F70E4F977}.Release|Any CPU.ActiveCfg = Release|Any CPU
		{4826B179-1943-4FEB-BF53-0C6F70E4F977}.Release|Any CPU.Build.0 = Release|Any CPU
		{E5FE480E-A36C-4A4B-9F11-AD0BC2E9366F}.Debug|Any CPU.ActiveCfg = Debug|Any CPU
		{E5FE480E-A36C-4A4B-9F11-AD0BC2E9366F}.Debug|Any CPU.Build.0 = Debug|Any CPU
		{E5FE480E-A36C-4A4B-9F11-AD0BC2E9366F}.Release|Any CPU.ActiveCfg = Release|Any CPU
		{E5FE480E-A36C-4A4B-9F11-AD0BC2E9366F}.Release|Any CPU.Build.0 = Release|Any CPU
		{E5BABE2B-6A5B-4D1F-9FDC-94BA7ED54EBE}.Debug|Any CPU.ActiveCfg = Debug|Any CPU
		{E5BABE2B-6A5B-4D1F-9FDC-94BA7ED54EBE}.Debug|Any CPU.Build.0 = Debug|Any CPU
		{E5BABE2B-6A5B-4D1F-9FDC-94BA7ED54EBE}.Release|Any CPU.ActiveCfg = Release|Any CPU
		{E5BABE2B-6A5B-4D1F-9FDC-94BA7ED54EBE}.Release|Any CPU.Build.0 = Release|Any CPU
		{DEE46EE4-BA5A-416F-B4DF-BEFFEE458289}.Debug|Any CPU.ActiveCfg = Debug|Any CPU
		{DEE46EE4-BA5A-416F-B4DF-BEFFEE458289}.Debug|Any CPU.Build.0 = Debug|Any CPU
		{DEE46EE4-BA5A-416F-B4DF-BEFFEE458289}.Release|Any CPU.ActiveCfg = Release|Any CPU
		{DEE46EE4-BA5A-416F-B4DF-BEFFEE458289}.Release|Any CPU.Build.0 = Release|Any CPU
	EndGlobalSection
	GlobalSection(SolutionProperties) = preSolution
		HideSolutionNode = FALSE
	EndGlobalSection
	GlobalSection(ExtensibilityGlobals) = postSolution
		SolutionGuid = {B8F03A25-E99D-48E9-9E5E-D8D336AC712F}
	EndGlobalSection
EndGlobal
